
Microsoft Visual Studio Solution File, Format Version 12.00
# Visual Studio 15
VisualStudioVersion = 15.0.27703.2042
MinimumVisualStudioVersion = 10.0.40219.1
Project("{FAE04EC0-301F-11D3-BF4B-00C04F79EFBC}") = "AuctionSite", "AuctionSite\AuctionSite.csproj", "{093DCE9A-C602-4DAD-8B78-914CD80D8BA7}"
EndProject
Global
	GlobalSection(SolutionConfigurationPlatforms) = preSolution
		Debug|Any CPU = Debug|Any CPU
		Release|Any CPU = Release|Any CPU
	EndGlobalSection
	GlobalSection(ProjectConfigurationPlatforms) = postSolution
		{093DCE9A-C602-4DAD-8B78-914CD80D8BA7}.Debug|Any CPU.ActiveCfg = Debug|Any CPU
		{093DCE9A-C602-4DAD-8B78-914CD80D8BA7}.Debug|Any CPU.Build.0 = Debug|Any CPU
		{093DCE9A-C602-4DAD-8B78-914CD80D8BA7}.Release|Any CPU.ActiveCfg = Release|Any CPU
		{093DCE9A-C602-4DAD-8B78-914CD80D8BA7}.Release|Any CPU.Build.0 = Release|Any CPU
	EndGlobalSection
	GlobalSection(SolutionProperties) = preSolution
		HideSolutionNode = FALSE
	EndGlobalSection
	GlobalSection(ExtensibilityGlobals) = postSolution
		SolutionGuid = {39BDC2E6-E414-4491-8AF8-5C6861CD2575}
	EndGlobalSection
EndGlobal
